
Microsoft Visual Studio Solution File, Format Version 12.00
# Visual Studio Version 16
VisualStudioVersion = 16.0.32228.343
MinimumVisualStudioVersion = 10.0.40219.1
Project("{F2A71F9B-5D33-465A-A702-920D77279786}") = "covex_first", "..\chap1\covex_first\covex_first.fsproj", "{9ECA7BBA-AD94-476C-911B-1D3AADD2E367}"
EndProject
Project("{F2A71F9B-5D33-465A-A702-920D77279786}") = "GeoLib", "..\chap1\GeoLib\GeoLib.fsproj", "{894B3856-3AB0-46C4-B495-16C6B1FF05A8}"
EndProject
Global
	GlobalSection(SolutionConfigurationPlatforms) = preSolution
		Debug|Any CPU = Debug|Any CPU
		Release|Any CPU = Release|Any CPU
	EndGlobalSection
	GlobalSection(ProjectConfigurationPlatforms) = postSolution
		{9ECA7BBA-AD94-476C-911B-1D3AADD2E367}.Debug|Any CPU.ActiveCfg = Debug|Any CPU
		{9ECA7BBA-AD94-476C-911B-1D3AADD2E367}.Debug|Any CPU.Build.0 = Debug|Any CPU
		{9ECA7BBA-AD94-476C-911B-1D3AADD2E367}.Release|Any CPU.ActiveCfg = Release|Any CPU
		{9ECA7BBA-AD94-476C-911B-1D3AADD2E367}.Release|Any CPU.Build.0 = Release|Any CPU
		{894B3856-3AB0-46C4-B495-16C6B1FF05A8}.Debug|Any CPU.ActiveCfg = Debug|Any CPU
		{894B3856-3AB0-46C4-B495-16C6B1FF05A8}.Debug|Any CPU.Build.0 = Debug|Any CPU
		{894B3856-3AB0-46C4-B495-16C6B1FF05A8}.Release|Any CPU.ActiveCfg = Release|Any CPU
		{894B3856-3AB0-46C4-B495-16C6B1FF05A8}.Release|Any CPU.Build.0 = Release|Any CPU
	EndGlobalSection
	GlobalSection(SolutionProperties) = preSolution
		HideSolutionNode = FALSE
	EndGlobalSection
	GlobalSection(ExtensibilityGlobals) = postSolution
		SolutionGuid = {DA10200A-478C-4F34-9EE7-80C1EE9430E8}
	EndGlobalSection
EndGlobal
